
Microsoft Visual Studio Solution File, Format Version 12.00
# Visual Studio 15
VisualStudioVersion = 15.0.27004.2005
MinimumVisualStudioVersion = 10.0.40219.1
Project("{FAE04EC0-301F-11D3-BF4B-00C04F79EFBC}") = "WebApiDocker.Api", "src\WebApiDocker.Api\WebApiDocker.Api.csproj", "{D4A97699-9E54-49DF-BDB3-695CBD5E7A68}"
EndProject
Project("{E53339B2-1760-4266-BCC7-CA923CBCF16C}") = "docker-compose", "docker-compose.dcproj", "{3B0F5173-32CD-4F32-81E4-EEA1F1AF31A1}"
EndProject
Global
	GlobalSection(SolutionConfigurationPlatforms) = preSolution
		Debug|Any CPU = Debug|Any CPU
		Release|Any CPU = Release|Any CPU
	EndGlobalSection
	GlobalSection(ProjectConfigurationPlatforms) = postSolution
		{D4A97699-9E54-49DF-BDB3-695CBD5E7A68}.Debug|Any CPU.ActiveCfg = Debug|Any CPU
		{D4A97699-9E54-49DF-BDB3-695CBD5E7A68}.Debug|Any CPU.Build.0 = Debug|Any CPU
		{D4A97699-9E54-49DF-BDB3-695CBD5E7A68}.Release|Any CPU.ActiveCfg = Release|Any CPU
		{D4A97699-9E54-49DF-BDB3-695CBD5E7A68}.Release|Any CPU.Build.0 = Release|Any CPU
		{3B0F5173-32CD-4F32-81E4-EEA1F1AF31A1}.Debug|Any CPU.ActiveCfg = Debug|Any CPU
		{3B0F5173-32CD-4F32-81E4-EEA1F1AF31A1}.Debug|Any CPU.Build.0 = Debug|Any CPU
		{3B0F5173-32CD-4F32-81E4-EEA1F1AF31A1}.Release|Any CPU.ActiveCfg = Release|Any CPU
		{3B0F5173-32CD-4F32-81E4-EEA1F1AF31A1}.Release|Any CPU.Build.0 = Release|Any CPU
	EndGlobalSection
	GlobalSection(SolutionProperties) = preSolution
		HideSolutionNode = FALSE
	EndGlobalSection
	GlobalSection(ExtensibilityGlobals) = postSolution
		SolutionGuid = {0BB70E2C-5248-46B3-AF02-DEA1D9BC73B1}
	EndGlobalSection
EndGlobal
